
Microsoft Visual Studio Solution File, Format Version 12.00
# Visual Studio 2013
VisualStudioVersion = 12.0.40629.0
MinimumVisualStudioVersion = 10.0.40219.1
Project("{FAE04EC0-301F-11D3-BF4B-00C04F79EFBC}") = "8kyu-InvertValues", "8kyu-InvertValues\8kyu-InvertValues.csproj", "{0E254C70-F1CC-4E8A-9A14-D7CC71D33FEB}"
EndProject
Project("{2150E333-8FDC-42A3-9474-1A3956D46DE8}") = ".nuget", ".nuget", "{B759CE7D-8E91-492F-96D4-57CCA783CECC}"
	ProjectSection(SolutionItems) = preProject
		.nuget\packages.config = .nuget\packages.config
	EndProjectSection
EndProject
Project("{FAE04EC0-301F-11D3-BF4B-00C04F79EFBC}") = "TestsProject", "TestsProject\TestsProject.csproj", "{E26AC684-D8CA-4C25-B821-EFB702F4454A}"
EndProject
Global
	GlobalSection(SolutionConfigurationPlatforms) = preSolution
		Debug|Any CPU = Debug|Any CPU
		Release|Any CPU = Release|Any CPU
	EndGlobalSection
	GlobalSection(ProjectConfigurationPlatforms) = postSolution
		{0E254C70-F1CC-4E8A-9A14-D7CC71D33FEB}.Debug|Any CPU.ActiveCfg = Debug|Any CPU
		{0E254C70-F1CC-4E8A-9A14-D7CC71D33FEB}.Debug|Any CPU.Build.0 = Debug|Any CPU
		{0E254C70-F1CC-4E8A-9A14-D7CC71D33FEB}.Release|Any CPU.ActiveCfg = Release|Any CPU
		{0E254C70-F1CC-4E8A-9A14-D7CC71D33FEB}.Release|Any CPU.Build.0 = Release|Any CPU
		{E26AC684-D8CA-4C25-B821-EFB702F4454A}.Debug|Any CPU.ActiveCfg = Debug|Any CPU
		{E26AC684-D8CA-4C25-B821-EFB702F4454A}.Debug|Any CPU.Build.0 = Debug|Any CPU
		{E26AC684-D8CA-4C25-B821-EFB702F4454A}.Release|Any CPU.ActiveCfg = Release|Any CPU
		{E26AC684-D8CA-4C25-B821-EFB702F4454A}.Release|Any CPU.Build.0 = Release|Any CPU
	EndGlobalSection
	GlobalSection(SolutionProperties) = preSolution
		HideSolutionNode = FALSE
	EndGlobalSection
EndGlobal
